
Microsoft Visual Studio Solution File, Format Version 12.00
# Visual Studio 15
VisualStudioVersion = 15.0.28010.2046
MinimumVisualStudioVersion = 10.0.40219.1
Project("{FAE04EC0-301F-11D3-BF4B-00C04F79EFBC}") = "Felix.Azure.MvcMovie", "Felix.Azure.MvcMovie\Felix.Azure.MvcMovie.csproj", "{5BCCD4D4-6D24-46D2-864B-8AC7502C25CD}"
EndProject
Project("{FAE04EC0-301F-11D3-BF4B-00C04F79EFBC}") = "Felix.Azure.MvcMovie.Entity", "Felix.Azure.MvcMovie.Entity\Felix.Azure.MvcMovie.Entity.csproj", "{284D0979-3117-4853-B512-EF748D0C4B69}"
EndProject
Global
	GlobalSection(SolutionConfigurationPlatforms) = preSolution
		Debug|Any CPU = Debug|Any CPU
		Release|Any CPU = Release|Any CPU
	EndGlobalSection
	GlobalSection(ProjectConfigurationPlatforms) = postSolution
		{5BCCD4D4-6D24-46D2-864B-8AC7502C25CD}.Debug|Any CPU.ActiveCfg = Debug|Any CPU
		{5BCCD4D4-6D24-46D2-864B-8AC7502C25CD}.Debug|Any CPU.Build.0 = Debug|Any CPU
		{5BCCD4D4-6D24-46D2-864B-8AC7502C25CD}.Release|Any CPU.ActiveCfg = Release|Any CPU
		{5BCCD4D4-6D24-46D2-864B-8AC7502C25CD}.Release|Any CPU.Build.0 = Release|Any CPU
		{284D0979-3117-4853-B512-EF748D0C4B69}.Debug|Any CPU.ActiveCfg = Debug|Any CPU
		{284D0979-3117-4853-B512-EF748D0C4B69}.Debug|Any CPU.Build.0 = Debug|Any CPU
		{284D0979-3117-4853-B512-EF748D0C4B69}.Release|Any CPU.ActiveCfg = Release|Any CPU
		{284D0979-3117-4853-B512-EF748D0C4B69}.Release|Any CPU.Build.0 = Release|Any CPU
	EndGlobalSection
	GlobalSection(SolutionProperties) = preSolution
		HideSolutionNode = FALSE
	EndGlobalSection
	GlobalSection(ExtensibilityGlobals) = postSolution
		SolutionGuid = {C76AA5C9-D491-452F-BA02-3D97383E43A0}
	EndGlobalSection
EndGlobal
